
Microsoft Visual Studio Solution File, Format Version 12.00
# Visual Studio 15
VisualStudioVersion = 15.0.27703.2042
MinimumVisualStudioVersion = 10.0.40219.1
Project("{9A19103F-16F7-4668-BE54-9A1E7A4F7556}") = "DotNetLibs.GoogleDrive", "DotNetLibs.GoogleDrive\DotNetLibs.GoogleDrive.csproj", "{F9CC182A-B702-474D-8349-A82BFE5186CF}"
EndProject
Global
	GlobalSection(SolutionConfigurationPlatforms) = preSolution
		Debug|Any CPU = Debug|Any CPU
		Release|Any CPU = Release|Any CPU
	EndGlobalSection
	GlobalSection(ProjectConfigurationPlatforms) = postSolution
		{F9CC182A-B702-474D-8349-A82BFE5186CF}.Debug|Any CPU.ActiveCfg = Debug|Any CPU
		{F9CC182A-B702-474D-8349-A82BFE5186CF}.Debug|Any CPU.Build.0 = Debug|Any CPU
		{F9CC182A-B702-474D-8349-A82BFE5186CF}.Release|Any CPU.ActiveCfg = Release|Any CPU
		{F9CC182A-B702-474D-8349-A82BFE5186CF}.Release|Any CPU.Build.0 = Release|Any CPU
	EndGlobalSection
	GlobalSection(SolutionProperties) = preSolution
		HideSolutionNode = FALSE
	EndGlobalSection
	GlobalSection(ExtensibilityGlobals) = postSolution
		SolutionGuid = {A8A75D29-2937-4847-BF17-5214FB9CC0A6}
	EndGlobalSection
EndGlobal
